// !$*UTF8*$!
{
	archiveVersion = 1;
	classes = {
	};
	objectVersion = 48;
	objects = {

/* Begin PBXBuildFile section */
		3914D4F520497F1000B8FD2F /* AppDelegate.m in Sources */ = {isa = PBXBuildFile; fileRef = 3914D4F420497F1000B8FD2F /* AppDelegate.m */; };
		3914D4F820497F1000B8FD2F /* ViewController.m in Sources */ = {isa = PBXBuildFile; fileRef = 3914D4F720497F1000B8FD2F /* ViewController.m */; };
		3914D4FB20497F1000B8FD2F /* Main.storyboard in Resources */ = {isa = PBXBuildFile; fileRef = 3914D4F920497F1000B8FD2F /* Main.storyboard */; };
		3914D4FD20497F1000B8FD2F /* Assets.xcassets in Resources */ = {isa = PBXBuildFile; fileRef = 3914D4FC20497F1000B8FD2F /* Assets.xcassets */; };
		3914D50020497F1000B8FD2F /* LaunchScreen.storyboard in Resources */ = {isa = PBXBuildFile; fileRef = 3914D4FE20497F1000B8FD2F /* LaunchScreen.storyboard */; };
		3914D50320497F1000B8FD2F /* main.m in Sources */ = {isa = PBXBuildFile; fileRef = 3914D50220497F1000B8FD2F /* main.m */; };
		3914D50D20497F1000B8FD2F /* dolce_gustaTests.m in Sources */ = {isa = PBXBuildFile; fileRef = 3914D50C20497F1000B8FD2F /* dolce_gustaTests.m */; };
		3914D51820497F1000B8FD2F /* dolce_gustaUITests.m in Sources */ = {isa = PBXBuildFile; fileRef = 3914D51720497F1000B8FD2F /* dolce_gustaUITests.m */; };
		3914D52E2049A48000B8FD2F /* Model.xcdatamodeld in Sources */ = {isa = PBXBuildFile; fileRef = 3914D52C2049A48000B8FD2F /* Model.xcdatamodeld */; };
		3914D5362049B32700B8FD2F /* CoreDataManager.m in Sources */ = {isa = PBXBuildFile; fileRef = 3914D5342049B32700B8FD2F /* CoreDataManager.m */; };
		3914D5372049B32700B8FD2F /* CoreDataOperations.m in Sources */ = {isa = PBXBuildFile; fileRef = 3914D5352049B32700B8FD2F /* CoreDataOperations.m */; };
		3914D57D2049BB0B00B8FD2F /* NetworkManager.m in Sources */ = {isa = PBXBuildFile; fileRef = 3914D57B2049BB0B00B8FD2F /* NetworkManager.m */; };
		3914D58B2049CB6900B8FD2F /* Capsule.m in Sources */ = {isa = PBXBuildFile; fileRef = 3914D5882049CB6900B8FD2F /* Capsule.m */; };
		3914D58C2049CB6900B8FD2F /* Coffee.m in Sources */ = {isa = PBXBuildFile; fileRef = 3914D58A2049CB6900B8FD2F /* Coffee.m */; };
		3914D58F2049D86200B8FD2F /* CoffeeList.m in Sources */ = {isa = PBXBuildFile; fileRef = 3914D58E2049D86200B8FD2F /* CoffeeList.m */; };
		3914D5922049DA9D00B8FD2F /* NetworkManager+Coffee.m in Sources */ = {isa = PBXBuildFile; fileRef = 3914D5912049DA9D00B8FD2F /* NetworkManager+Coffee.m */; };
		3914D5952049E19C00B8FD2F /* BaseMantle.m in Sources */ = {isa = PBXBuildFile; fileRef = 3914D5942049E19C00B8FD2F /* BaseMantle.m */; };
		3914D59F2049E7D600B8FD2F /* NewCoffeeViewController.m in Sources */ = {isa = PBXBuildFile; fileRef = 3914D59E2049E7D600B8FD2F /* NewCoffeeViewController.m */; };
		3914D5A32049E7F200B8FD2F /* BaseViewController.m in Sources */ = {isa = PBXBuildFile; fileRef = 3914D5A22049E7F200B8FD2F /* BaseViewController.m */; };
		393F6820204C37E500E1EEEF /* DetailCell.m in Sources */ = {isa = PBXBuildFile; fileRef = 393F681E204C37E500E1EEEF /* DetailCell.m */; };
		393F6821204C37E500E1EEEF /* DetailCell.xib in Resources */ = {isa = PBXBuildFile; fileRef = 393F681F204C37E500E1EEEF /* DetailCell.xib */; };
		393F6836204C3CF900E1EEEF /* BaseCounterView.m in Sources */ = {isa = PBXBuildFile; fileRef = 393F6835204C3CF900E1EEEF /* BaseCounterView.m */; };
		393F6839204C3E7900E1EEEF /* DetailCollectionProvider.m in Sources */ = {isa = PBXBuildFile; fileRef = 393F6838204C3E7900E1EEEF /* DetailCollectionProvider.m */; };
		393F683C204C415E00E1EEEF /* BKBaseCollectionViewCell+Category.m in Sources */ = {isa = PBXBuildFile; fileRef = 393F683B204C415E00E1EEEF /* BKBaseCollectionViewCell+Category.m */; };
		393F683F204C4CC800E1EEEF /* BaseNavigationViewController.m in Sources */ = {isa = PBXBuildFile; fileRef = 393F683E204C4CC800E1EEEF /* BaseNavigationViewController.m */; };
		393F6847204C52DE00E1EEEF /* BaseImageView.m in Sources */ = {isa = PBXBuildFile; fileRef = 393F6846204C52DE00E1EEEF /* BaseImageView.m */; };
		393F684A204C57DB00E1EEEF /* TitleLabel.m in Sources */ = {isa = PBXBuildFile; fileRef = 393F6849204C57DB00E1EEEF /* TitleLabel.m */; };
		393F684D204C583200E1EEEF /* BaseLabel.m in Sources */ = {isa = PBXBuildFile; fileRef = 393F684C204C583200E1EEEF /* BaseLabel.m */; };
		393F6850204C587E00E1EEEF /* SubtitleLabel.m in Sources */ = {isa = PBXBuildFile; fileRef = 393F684F204C587E00E1EEEF /* SubtitleLabel.m */; };
		393F6853204C67F000E1EEEF /* ChronometerButton.m in Sources */ = {isa = PBXBuildFile; fileRef = 393F6852204C67F000E1EEEF /* ChronometerButton.m */; };
		393F6856204C71A800E1EEEF /* ChronometerLabel.m in Sources */ = {isa = PBXBuildFile; fileRef = 393F6855204C71A800E1EEEF /* ChronometerLabel.m */; };
		393F6859204C7C5200E1EEEF /* CapsuleButton.m in Sources */ = {isa = PBXBuildFile; fileRef = 393F6858204C7C5200E1EEEF /* CapsuleButton.m */; };
		393F685C204C7C6C00E1EEEF /* BlueButton.m in Sources */ = {isa = PBXBuildFile; fileRef = 393F685B204C7C6C00E1EEEF /* BlueButton.m */; };
		3978EB87204C93CF000D49D8 /* TextFieldView.m in Sources */ = {isa = PBXBuildFile; fileRef = 3978EB86204C93CF000D49D8 /* TextFieldView.m */; };
		3978EB89204C93DC000D49D8 /* TextFieldView.xib in Resources */ = {isa = PBXBuildFile; fileRef = 3978EB88204C93DC000D49D8 /* TextFieldView.xib */; };
		3978EB8C204C942B000D49D8 /* FormLabel.m in Sources */ = {isa = PBXBuildFile; fileRef = 3978EB8B204C942B000D49D8 /* FormLabel.m */; };
		3978EB8F204C97E4000D49D8 /* UIView+Category.m in Sources */ = {isa = PBXBuildFile; fileRef = 3978EB8E204C97E4000D49D8 /* UIView+Category.m */; };
		39891DF72049ECB300A9649E /* CapsuleViewController.m in Sources */ = {isa = PBXBuildFile; fileRef = 39891DF62049ECB300A9649E /* CapsuleViewController.m */; };
		39891DFC2049ECCC00A9649E /* DetailViewController.m in Sources */ = {isa = PBXBuildFile; fileRef = 39891DFB2049ECCC00A9649E /* DetailViewController.m */; };
		39891E012049EE1A00A9649E /* MainCollectionProvider.m in Sources */ = {isa = PBXBuildFile; fileRef = 39891E002049EE1A00A9649E /* MainCollectionProvider.m */; };
		39891E062049F10900A9649E /* CoffeeCell.m in Sources */ = {isa = PBXBuildFile; fileRef = 39891E042049F10900A9649E /* CoffeeCell.m */; };
		39891E072049F10900A9649E /* CoffeeCell.xib in Resources */ = {isa = PBXBuildFile; fileRef = 39891E052049F10900A9649E /* CoffeeCell.xib */; };
		39891E0C2049F54000A9649E /* BaseCollectionView.m in Sources */ = {isa = PBXBuildFile; fileRef = 39891E0B2049F54000A9649E /* BaseCollectionView.m */; };
		39891E102049F6BA00A9649E /* UICollectionView+Category.m in Sources */ = {isa = PBXBuildFile; fileRef = 39891E0F2049F6BA00A9649E /* UICollectionView+Category.m */; };
		39891E152049FD7F00A9649E /* CapsuleCell.m in Sources */ = {isa = PBXBuildFile; fileRef = 39891E132049FD7F00A9649E /* CapsuleCell.m */; };
		39891E162049FD7F00A9649E /* CapsuleCell.xib in Resources */ = {isa = PBXBuildFile; fileRef = 39891E142049FD7F00A9649E /* CapsuleCell.xib */; };
		39891E1A2049FDA900A9649E /* CapsuleCollectionProvider.m in Sources */ = {isa = PBXBuildFile; fileRef = 39891E192049FDA900A9649E /* CapsuleCollectionProvider.m */; };
		39891E1D2049FEDD00A9649E /* UIViewController+Category.m in Sources */ = {isa = PBXBuildFile; fileRef = 39891E1C2049FEDD00A9649E /* UIViewController+Category.m */; };
		39891E21204A0B0F00A9649E /* BaseCollectionProvider.m in Sources */ = {isa = PBXBuildFile; fileRef = 39891E20204A0B0F00A9649E /* BaseCollectionProvider.m */; };
		39891E26204A19F800A9649E /* NewCapsuleViewController.m in Sources */ = {isa = PBXBuildFile; fileRef = 39891E25204A19F800A9649E /* NewCapsuleViewController.m */; };
		4C2FDD0577778D308CBF2E51 /* libPods-dolce-gusta.a in Frameworks */ = {isa = PBXBuildFile; fileRef = 342087DFEA3333F4E588A1E3 /* libPods-dolce-gusta.a */; };
		56C2B4948C760DD80D8FD335 /* libPods-dolce-gustaTests.a in Frameworks */ = {isa = PBXBuildFile; fileRef = FF4D96FF1353306279F8F7F9 /* libPods-dolce-gustaTests.a */; };
		F0E6F94125A01953B6D166F8 /* libPods-dolce-gustaUITests.a in Frameworks */ = {isa = PBXBuildFile; fileRef = 242CF8593D47145F7723959D /* libPods-dolce-gustaUITests.a */; };
/* End PBXBuildFile section */

/* Begin PBXContainerItemProxy section */
		3914D50920497F1000B8FD2F /* PBXContainerItemProxy */ = {
			isa = PBXContainerItemProxy;
			containerPortal = 3914D4E820497F1000B8FD2F /* Project object */;
			proxyType = 1;
			remoteGlobalIDString = 3914D4EF20497F1000B8FD2F;
			remoteInfo = "dolce-gusta";
		};
		3914D51420497F1000B8FD2F /* PBXContainerItemProxy */ = {
			isa = PBXContainerItemProxy;
			containerPortal = 3914D4E820497F1000B8FD2F /* Project object */;
			proxyType = 1;
			remoteGlobalIDString = 3914D4EF20497F1000B8FD2F;
			remoteInfo = "dolce-gusta";
		};
/* End PBXContainerItemProxy section */

/* Begin PBXFileReference section */
		242CF8593D47145F7723959D /* libPods-dolce-gustaUITests.a */ = {isa = PBXFileReference; explicitFileType = archive.ar; includeInIndex = 0; path = "libPods-dolce-gustaUITests.a"; sourceTree = BUILT_PRODUCTS_DIR; };
		250CBDF3F32FEDC37CC58CD0 /* Pods-dolce-gustaTests.release.xcconfig */ = {isa = PBXFileReference; includeInIndex = 1; lastKnownFileType = text.xcconfig; name = "Pods-dolce-gustaTests.release.xcconfig"; path = "Pods/Target Support Files/Pods-dolce-gustaTests/Pods-dolce-gustaTests.release.xcconfig"; sourceTree = "<group>"; };
		342087DFEA3333F4E588A1E3 /* libPods-dolce-gusta.a */ = {isa = PBXFileReference; explicitFileType = archive.ar; includeInIndex = 0; path = "libPods-dolce-gusta.a"; sourceTree = BUILT_PRODUCTS_DIR; };
		3914D4F020497F1000B8FD2F /* dolce-gusta.app */ = {isa = PBXFileReference; explicitFileType = wrapper.application; includeInIndex = 0; path = "dolce-gusta.app"; sourceTree = BUILT_PRODUCTS_DIR; };
		3914D4F320497F1000B8FD2F /* AppDelegate.h */ = {isa = PBXFileReference; lastKnownFileType = sourcecode.c.h; path = AppDelegate.h; sourceTree = "<group>"; };
		3914D4F420497F1000B8FD2F /* AppDelegate.m */ = {isa = PBXFileReference; lastKnownFileType = sourcecode.c.objc; path = AppDelegate.m; sourceTree = "<group>"; };
		3914D4F620497F1000B8FD2F /* ViewController.h */ = {isa = PBXFileReference; lastKnownFileType = sourcecode.c.h; path = ViewController.h; sourceTree = "<group>"; };
		3914D4F720497F1000B8FD2F /* ViewController.m */ = {isa = PBXFileReference; lastKnownFileType = sourcecode.c.objc; path = ViewController.m; sourceTree = "<group>"; };
		3914D4FA20497F1000B8FD2F /* Base */ = {isa = PBXFileReference; lastKnownFileType = file.storyboard; name = Base; path = Base.lproj/Main.storyboard; sourceTree = "<group>"; };
		3914D4FC20497F1000B8FD2F /* Assets.xcassets */ = {isa = PBXFileReference; lastKnownFileType = folder.assetcatalog; path = Assets.xcassets; sourceTree = "<group>"; };
		3914D4FF20497F1000B8FD2F /* Base */ = {isa = PBXFileReference; lastKnownFileType = file.storyboard; name = Base; path = Base.lproj/LaunchScreen.storyboard; sourceTree = "<group>"; };
		3914D50120497F1000B8FD2F /* Info.plist */ = {isa = PBXFileReference; lastKnownFileType = text.plist.xml; path = Info.plist; sourceTree = "<group>"; };
		3914D50220497F1000B8FD2F /* main.m */ = {isa = PBXFileReference; lastKnownFileType = sourcecode.c.objc; path = main.m; sourceTree = "<group>"; };
		3914D50820497F1000B8FD2F /* dolce-gustaTests.xctest */ = {isa = PBXFileReference; explicitFileType = wrapper.cfbundle; includeInIndex = 0; path = "dolce-gustaTests.xctest"; sourceTree = BUILT_PRODUCTS_DIR; };
		3914D50C20497F1000B8FD2F /* dolce_gustaTests.m */ = {isa = PBXFileReference; lastKnownFileType = sourcecode.c.objc; path = dolce_gustaTests.m; sourceTree = "<group>"; };
		3914D50E20497F1000B8FD2F /* Info.plist */ = {isa = PBXFileReference; lastKnownFileType = text.plist.xml; path = Info.plist; sourceTree = "<group>"; };
		3914D51320497F1000B8FD2F /* dolce-gustaUITests.xctest */ = {isa = PBXFileReference; explicitFileType = wrapper.cfbundle; includeInIndex = 0; path = "dolce-gustaUITests.xctest"; sourceTree = BUILT_PRODUCTS_DIR; };
		3914D51720497F1000B8FD2F /* dolce_gustaUITests.m */ = {isa = PBXFileReference; lastKnownFileType = sourcecode.c.objc; path = dolce_gustaUITests.m; sourceTree = "<group>"; };
		3914D51920497F1000B8FD2F /* Info.plist */ = {isa = PBXFileReference; lastKnownFileType = text.plist.xml; path = Info.plist; sourceTree = "<group>"; };
		3914D52D2049A48000B8FD2F /* Model.xcdatamodel */ = {isa = PBXFileReference; lastKnownFileType = wrapper.xcdatamodel; path = Model.xcdatamodel; sourceTree = "<group>"; };
		3914D5322049B32700B8FD2F /* CoreDataManager.h */ = {isa = PBXFileReference; fileEncoding = 4; lastKnownFileType = sourcecode.c.h; path = CoreDataManager.h; sourceTree = "<group>"; };
		3914D5332049B32700B8FD2F /* CoreDataOperations.h */ = {isa = PBXFileReference; fileEncoding = 4; lastKnownFileType = sourcecode.c.h; path = CoreDataOperations.h; sourceTree = "<group>"; };
		3914D5342049B32700B8FD2F /* CoreDataManager.m */ = {isa = PBXFileReference; fileEncoding = 4; lastKnownFileType = sourcecode.c.objc; path = CoreDataManager.m; sourceTree = "<group>"; };
		3914D5352049B32700B8FD2F /* CoreDataOperations.m */ = {isa = PBXFileReference; fileEncoding = 4; lastKnownFileType = sourcecode.c.objc; path = CoreDataOperations.m; sourceTree = "<group>"; };
		3914D57A2049BB0B00B8FD2F /* NetworkManager.h */ = {isa = PBXFileReference; fileEncoding = 4; lastKnownFileType = sourcecode.c.h; path = NetworkManager.h; sourceTree = "<group>"; };
		3914D57B2049BB0B00B8FD2F /* NetworkManager.m */ = {isa = PBXFileReference; fileEncoding = 4; lastKnownFileType = sourcecode.c.objc; path = NetworkManager.m; sourceTree = "<group>"; };
		3914D5872049CB6800B8FD2F /* Capsule.h */ = {isa = PBXFileReference; fileEncoding = 4; lastKnownFileType = sourcecode.c.h; path = Capsule.h; sourceTree = "<group>"; };
		3914D5882049CB6900B8FD2F /* Capsule.m */ = {isa = PBXFileReference; fileEncoding = 4; lastKnownFileType = sourcecode.c.objc; path = Capsule.m; sourceTree = "<group>"; };
		3914D5892049CB6900B8FD2F /* Coffee.h */ = {isa = PBXFileReference; fileEncoding = 4; lastKnownFileType = sourcecode.c.h; path = Coffee.h; sourceTree = "<group>"; };
		3914D58A2049CB6900B8FD2F /* Coffee.m */ = {isa = PBXFileReference; fileEncoding = 4; lastKnownFileType = sourcecode.c.objc; path = Coffee.m; sourceTree = "<group>"; };
		3914D58D2049D86200B8FD2F /* CoffeeList.h */ = {isa = PBXFileReference; lastKnownFileType = sourcecode.c.h; path = CoffeeList.h; sourceTree = "<group>"; };
		3914D58E2049D86200B8FD2F /* CoffeeList.m */ = {isa = PBXFileReference; lastKnownFileType = sourcecode.c.objc; path = CoffeeList.m; sourceTree = "<group>"; };
		3914D5902049DA5400B8FD2F /* NetworkManager+Coffee.h */ = {isa = PBXFileReference; lastKnownFileType = sourcecode.c.h; path = "NetworkManager+Coffee.h"; sourceTree = "<group>"; };
		3914D5912049DA9D00B8FD2F /* NetworkManager+Coffee.m */ = {isa = PBXFileReference; lastKnownFileType = sourcecode.c.objc; path = "NetworkManager+Coffee.m"; sourceTree = "<group>"; };
		3914D5932049E19C00B8FD2F /* BaseMantle.h */ = {isa = PBXFileReference; lastKnownFileType = sourcecode.c.h; path = BaseMantle.h; sourceTree = "<group>"; };
		3914D5942049E19C00B8FD2F /* BaseMantle.m */ = {isa = PBXFileReference; lastKnownFileType = sourcecode.c.objc; path = BaseMantle.m; sourceTree = "<group>"; };
		3914D59D2049E7D600B8FD2F /* NewCoffeeViewController.h */ = {isa = PBXFileReference; lastKnownFileType = sourcecode.c.h; path = NewCoffeeViewController.h; sourceTree = "<group>"; };
		3914D59E2049E7D600B8FD2F /* NewCoffeeViewController.m */ = {isa = PBXFileReference; lastKnownFileType = sourcecode.c.objc; path = NewCoffeeViewController.m; sourceTree = "<group>"; };
		3914D5A12049E7F200B8FD2F /* BaseViewController.h */ = {isa = PBXFileReference; lastKnownFileType = sourcecode.c.h; path = BaseViewController.h; sourceTree = "<group>"; };
		3914D5A22049E7F200B8FD2F /* BaseViewController.m */ = {isa = PBXFileReference; lastKnownFileType = sourcecode.c.objc; path = BaseViewController.m; sourceTree = "<group>"; };
		393F681D204C37E500E1EEEF /* DetailCell.h */ = {isa = PBXFileReference; lastKnownFileType = sourcecode.c.h; path = DetailCell.h; sourceTree = "<group>"; };
		393F681E204C37E500E1EEEF /* DetailCell.m */ = {isa = PBXFileReference; lastKnownFileType = sourcecode.c.objc; path = DetailCell.m; sourceTree = "<group>"; };
		393F681F204C37E500E1EEEF /* DetailCell.xib */ = {isa = PBXFileReference; lastKnownFileType = file.xib; path = DetailCell.xib; sourceTree = "<group>"; };
		393F6834204C3CF900E1EEEF /* BaseCounterView.h */ = {isa = PBXFileReference; lastKnownFileType = sourcecode.c.h; path = BaseCounterView.h; sourceTree = "<group>"; };
		393F6835204C3CF900E1EEEF /* BaseCounterView.m */ = {isa = PBXFileReference; lastKnownFileType = sourcecode.c.objc; path = BaseCounterView.m; sourceTree = "<group>"; };
		393F6837204C3E7900E1EEEF /* DetailCollectionProvider.h */ = {isa = PBXFileReference; lastKnownFileType = sourcecode.c.h; path = DetailCollectionProvider.h; sourceTree = "<group>"; };
		393F6838204C3E7900E1EEEF /* DetailCollectionProvider.m */ = {isa = PBXFileReference; lastKnownFileType = sourcecode.c.objc; path = DetailCollectionProvider.m; sourceTree = "<group>"; };
		393F683A204C415E00E1EEEF /* BKBaseCollectionViewCell+Category.h */ = {isa = PBXFileReference; lastKnownFileType = sourcecode.c.h; path = "BKBaseCollectionViewCell+Category.h"; sourceTree = "<group>"; };
		393F683B204C415E00E1EEEF /* BKBaseCollectionViewCell+Category.m */ = {isa = PBXFileReference; lastKnownFileType = sourcecode.c.objc; path = "BKBaseCollectionViewCell+Category.m"; sourceTree = "<group>"; };
		393F683D204C4CC800E1EEEF /* BaseNavigationViewController.h */ = {isa = PBXFileReference; lastKnownFileType = sourcecode.c.h; path = BaseNavigationViewController.h; sourceTree = "<group>"; };
		393F683E204C4CC800E1EEEF /* BaseNavigationViewController.m */ = {isa = PBXFileReference; lastKnownFileType = sourcecode.c.objc; path = BaseNavigationViewController.m; sourceTree = "<group>"; };
		393F6845204C52DE00E1EEEF /* BaseImageView.h */ = {isa = PBXFileReference; lastKnownFileType = sourcecode.c.h; path = BaseImageView.h; sourceTree = "<group>"; };
		393F6846204C52DE00E1EEEF /* BaseImageView.m */ = {isa = PBXFileReference; lastKnownFileType = sourcecode.c.objc; path = BaseImageView.m; sourceTree = "<group>"; };
		393F6848204C57DB00E1EEEF /* TitleLabel.h */ = {isa = PBXFileReference; lastKnownFileType = sourcecode.c.h; name = TitleLabel.h; path = ../../Base/Views/TitleLabel.h; sourceTree = "<group>"; };
		393F6849204C57DB00E1EEEF /* TitleLabel.m */ = {isa = PBXFileReference; lastKnownFileType = sourcecode.c.objc; path = TitleLabel.m; sourceTree = "<group>"; };
		393F684B204C583200E1EEEF /* BaseLabel.h */ = {isa = PBXFileReference; lastKnownFileType = sourcecode.c.h; path = BaseLabel.h; sourceTree = "<group>"; };
		393F684C204C583200E1EEEF /* BaseLabel.m */ = {isa = PBXFileReference; lastKnownFileType = sourcecode.c.objc; path = BaseLabel.m; sourceTree = "<group>"; };
		393F684E204C587E00E1EEEF /* SubtitleLabel.h */ = {isa = PBXFileReference; lastKnownFileType = sourcecode.c.h; path = SubtitleLabel.h; sourceTree = "<group>"; };
		393F684F204C587E00E1EEEF /* SubtitleLabel.m */ = {isa = PBXFileReference; lastKnownFileType = sourcecode.c.objc; path = SubtitleLabel.m; sourceTree = "<group>"; };
		393F6851204C67F000E1EEEF /* ChronometerButton.h */ = {isa = PBXFileReference; lastKnownFileType = sourcecode.c.h; path = ChronometerButton.h; sourceTree = "<group>"; };
		393F6852204C67F000E1EEEF /* ChronometerButton.m */ = {isa = PBXFileReference; lastKnownFileType = sourcecode.c.objc; path = ChronometerButton.m; sourceTree = "<group>"; };
		393F6854204C71A800E1EEEF /* ChronometerLabel.h */ = {isa = PBXFileReference; lastKnownFileType = sourcecode.c.h; path = ChronometerLabel.h; sourceTree = "<group>"; };
		393F6855204C71A800E1EEEF /* ChronometerLabel.m */ = {isa = PBXFileReference; lastKnownFileType = sourcecode.c.objc; path = ChronometerLabel.m; sourceTree = "<group>"; };
		393F6857204C7C5200E1EEEF /* CapsuleButton.h */ = {isa = PBXFileReference; lastKnownFileType = sourcecode.c.h; path = CapsuleButton.h; sourceTree = "<group>"; };
		393F6858204C7C5200E1EEEF /* CapsuleButton.m */ = {isa = PBXFileReference; lastKnownFileType = sourcecode.c.objc; path = CapsuleButton.m; sourceTree = "<group>"; };
		393F685A204C7C6C00E1EEEF /* BlueButton.h */ = {isa = PBXFileReference; lastKnownFileType = sourcecode.c.h; path = BlueButton.h; sourceTree = "<group>"; };
		393F685B204C7C6C00E1EEEF /* BlueButton.m */ = {isa = PBXFileReference; lastKnownFileType = sourcecode.c.objc; path = BlueButton.m; sourceTree = "<group>"; };
		3978EB80204C938F000D49D8 /* NewCoffeeFormView.h */ = {isa = PBXFileReference; lastKnownFileType = sourcecode.c.h; path = NewCoffeeFormView.h; sourceTree = "<group>"; };
		3978EB85204C93CF000D49D8 /* TextFieldView.h */ = {isa = PBXFileReference; lastKnownFileType = sourcecode.c.h; path = TextFieldView.h; sourceTree = "<group>"; };
		3978EB86204C93CF000D49D8 /* TextFieldView.m */ = {isa = PBXFileReference; lastKnownFileType = sourcecode.c.objc; path = TextFieldView.m; sourceTree = "<group>"; };
		3978EB88204C93DC000D49D8 /* TextFieldView.xib */ = {isa = PBXFileReference; lastKnownFileType = file.xib; path = TextFieldView.xib; sourceTree = "<group>"; };
		3978EB8A204C942B000D49D8 /* FormLabel.h */ = {isa = PBXFileReference; lastKnownFileType = sourcecode.c.h; path = FormLabel.h; sourceTree = "<group>"; };
		3978EB8B204C942B000D49D8 /* FormLabel.m */ = {isa = PBXFileReference; lastKnownFileType = sourcecode.c.objc; path = FormLabel.m; sourceTree = "<group>"; };
		3978EB8D204C97E4000D49D8 /* UIView+Category.h */ = {isa = PBXFileReference; lastKnownFileType = sourcecode.c.h; path = "UIView+Category.h"; sourceTree = "<group>"; };
		3978EB8E204C97E4000D49D8 /* UIView+Category.m */ = {isa = PBXFileReference; lastKnownFileType = sourcecode.c.objc; path = "UIView+Category.m"; sourceTree = "<group>"; };
		39891DF52049ECB300A9649E /* CapsuleViewController.h */ = {isa = PBXFileReference; lastKnownFileType = sourcecode.c.h; path = CapsuleViewController.h; sourceTree = "<group>"; };
		39891DF62049ECB300A9649E /* CapsuleViewController.m */ = {isa = PBXFileReference; lastKnownFileType = sourcecode.c.objc; path = CapsuleViewController.m; sourceTree = "<group>"; };
		39891DFA2049ECCC00A9649E /* DetailViewController.h */ = {isa = PBXFileReference; lastKnownFileType = sourcecode.c.h; path = DetailViewController.h; sourceTree = "<group>"; };
		39891DFB2049ECCC00A9649E /* DetailViewController.m */ = {isa = PBXFileReference; lastKnownFileType = sourcecode.c.objc; path = DetailViewController.m; sourceTree = "<group>"; };
		39891DFF2049EE1A00A9649E /* MainCollectionProvider.h */ = {isa = PBXFileReference; lastKnownFileType = sourcecode.c.h; path = MainCollectionProvider.h; sourceTree = "<group>"; };
		39891E002049EE1A00A9649E /* MainCollectionProvider.m */ = {isa = PBXFileReference; lastKnownFileType = sourcecode.c.objc; path = MainCollectionProvider.m; sourceTree = "<group>"; };
		39891E032049F10900A9649E /* CoffeeCell.h */ = {isa = PBXFileReference; lastKnownFileType = sourcecode.c.h; path = CoffeeCell.h; sourceTree = "<group>"; };
		39891E042049F10900A9649E /* CoffeeCell.m */ = {isa = PBXFileReference; lastKnownFileType = sourcecode.c.objc; path = CoffeeCell.m; sourceTree = "<group>"; };
		39891E052049F10900A9649E /* CoffeeCell.xib */ = {isa = PBXFileReference; lastKnownFileType = file.xib; path = CoffeeCell.xib; sourceTree = "<group>"; };
		39891E0A2049F54000A9649E /* BaseCollectionView.h */ = {isa = PBXFileReference; lastKnownFileType = sourcecode.c.h; path = BaseCollectionView.h; sourceTree = "<group>"; };
		39891E0B2049F54000A9649E /* BaseCollectionView.m */ = {isa = PBXFileReference; lastKnownFileType = sourcecode.c.objc; path = BaseCollectionView.m; sourceTree = "<group>"; };
		39891E0E2049F6BA00A9649E /* UICollectionView+Category.h */ = {isa = PBXFileReference; lastKnownFileType = sourcecode.c.h; path = "UICollectionView+Category.h"; sourceTree = "<group>"; };
		39891E0F2049F6BA00A9649E /* UICollectionView+Category.m */ = {isa = PBXFileReference; lastKnownFileType = sourcecode.c.objc; path = "UICollectionView+Category.m"; sourceTree = "<group>"; };
		39891E122049FD7F00A9649E /* CapsuleCell.h */ = {isa = PBXFileReference; lastKnownFileType = sourcecode.c.h; path = CapsuleCell.h; sourceTree = "<group>"; };
		39891E132049FD7F00A9649E /* CapsuleCell.m */ = {isa = PBXFileReference; lastKnownFileType = sourcecode.c.objc; path = CapsuleCell.m; sourceTree = "<group>"; };
		39891E142049FD7F00A9649E /* CapsuleCell.xib */ = {isa = PBXFileReference; lastKnownFileType = file.xib; path = CapsuleCell.xib; sourceTree = "<group>"; };
		39891E182049FDA900A9649E /* CapsuleCollectionProvider.h */ = {isa = PBXFileReference; lastKnownFileType = sourcecode.c.h; path = CapsuleCollectionProvider.h; sourceTree = "<group>"; };
		39891E192049FDA900A9649E /* CapsuleCollectionProvider.m */ = {isa = PBXFileReference; lastKnownFileType = sourcecode.c.objc; path = CapsuleCollectionProvider.m; sourceTree = "<group>"; };
		39891E1B2049FEDD00A9649E /* UIViewController+Category.h */ = {isa = PBXFileReference; lastKnownFileType = sourcecode.c.h; path = "UIViewController+Category.h"; sourceTree = "<group>"; };
		39891E1C2049FEDD00A9649E /* UIViewController+Category.m */ = {isa = PBXFileReference; lastKnownFileType = sourcecode.c.objc; path = "UIViewController+Category.m"; sourceTree = "<group>"; };
		39891E1F204A0B0F00A9649E /* BaseCollectionProvider.h */ = {isa = PBXFileReference; lastKnownFileType = sourcecode.c.h; path = BaseCollectionProvider.h; sourceTree = "<group>"; };
		39891E20204A0B0F00A9649E /* BaseCollectionProvider.m */ = {isa = PBXFileReference; lastKnownFileType = sourcecode.c.objc; path = BaseCollectionProvider.m; sourceTree = "<group>"; };
		39891E24204A19F800A9649E /* NewCapsuleViewController.h */ = {isa = PBXFileReference; lastKnownFileType = sourcecode.c.h; path = NewCapsuleViewController.h; sourceTree = "<group>"; };
		39891E25204A19F800A9649E /* NewCapsuleViewController.m */ = {isa = PBXFileReference; lastKnownFileType = sourcecode.c.objc; path = NewCapsuleViewController.m; sourceTree = "<group>"; };
		39891E27204A24CE00A9649E /* GlobalTypeDef.h */ = {isa = PBXFileReference; lastKnownFileType = sourcecode.c.h; path = GlobalTypeDef.h; sourceTree = "<group>"; };
		9E8A5CEAD799F0E08755AA41 /* Pods-dolce-gustaUITests.debug.xcconfig */ = {isa = PBXFileReference; includeInIndex = 1; lastKnownFileType = text.xcconfig; name = "Pods-dolce-gustaUITests.debug.xcconfig"; path = "Pods/Target Support Files/Pods-dolce-gustaUITests/Pods-dolce-gustaUITests.debug.xcconfig"; sourceTree = "<group>"; };
		A59BF8E64166297777AB44E7 /* Pods-dolce-gustaUITests.release.xcconfig */ = {isa = PBXFileReference; includeInIndex = 1; lastKnownFileType = text.xcconfig; name = "Pods-dolce-gustaUITests.release.xcconfig"; path = "Pods/Target Support Files/Pods-dolce-gustaUITests/Pods-dolce-gustaUITests.release.xcconfig"; sourceTree = "<group>"; };
		ACF2344D5DC8706344454160 /* Pods-dolce-gusta.debug.xcconfig */ = {isa = PBXFileReference; includeInIndex = 1; lastKnownFileType = text.xcconfig; name = "Pods-dolce-gusta.debug.xcconfig"; path = "Pods/Target Support Files/Pods-dolce-gusta/Pods-dolce-gusta.debug.xcconfig"; sourceTree = "<group>"; };
		E63BCB67818B1767A9F33B20 /* Pods-dolce-gustaTests.debug.xcconfig */ = {isa = PBXFileReference; includeInIndex = 1; lastKnownFileType = text.xcconfig; name = "Pods-dolce-gustaTests.debug.xcconfig"; path = "Pods/Target Support Files/Pods-dolce-gustaTests/Pods-dolce-gustaTests.debug.xcconfig"; sourceTree = "<group>"; };
		F157D7908DC1283246768234 /* Pods-dolce-gusta.release.xcconfig */ = {isa = PBXFileReference; includeInIndex = 1; lastKnownFileType = text.xcconfig; name = "Pods-dolce-gusta.release.xcconfig"; path = "Pods/Target Support Files/Pods-dolce-gusta/Pods-dolce-gusta.release.xcconfig"; sourceTree = "<group>"; };
		FF4D96FF1353306279F8F7F9 /* libPods-dolce-gustaTests.a */ = {isa = PBXFileReference; explicitFileType = archive.ar; includeInIndex = 0; path = "libPods-dolce-gustaTests.a"; sourceTree = BUILT_PRODUCTS_DIR; };
/* End PBXFileReference section */

/* Begin PBXFrameworksBuildPhase section */
		3914D4ED20497F1000B8FD2F /* Frameworks */ = {
			isa = PBXFrameworksBuildPhase;
			buildActionMask = 2147483647;
			files = (
				4C2FDD0577778D308CBF2E51 /* libPods-dolce-gusta.a in Frameworks */,
			);
			runOnlyForDeploymentPostprocessing = 0;
		};
		3914D50520497F1000B8FD2F /* Frameworks */ = {
			isa = PBXFrameworksBuildPhase;
			buildActionMask = 2147483647;
			files = (
				56C2B4948C760DD80D8FD335 /* libPods-dolce-gustaTests.a in Frameworks */,
			);
			runOnlyForDeploymentPostprocessing = 0;
		};
		3914D51020497F1000B8FD2F /* Frameworks */ = {
			isa = PBXFrameworksBuildPhase;
			buildActionMask = 2147483647;
			files = (
				F0E6F94125A01953B6D166F8 /* libPods-dolce-gustaUITests.a in Frameworks */,
			);
			runOnlyForDeploymentPostprocessing = 0;
		};
/* End PBXFrameworksBuildPhase section */

/* Begin PBXGroup section */
		16DDF47F4BCA390DBF9F1360 /* Pods */ = {
			isa = PBXGroup;
			children = (
				ACF2344D5DC8706344454160 /* Pods-dolce-gusta.debug.xcconfig */,
				F157D7908DC1283246768234 /* Pods-dolce-gusta.release.xcconfig */,
				E63BCB67818B1767A9F33B20 /* Pods-dolce-gustaTests.debug.xcconfig */,
				250CBDF3F32FEDC37CC58CD0 /* Pods-dolce-gustaTests.release.xcconfig */,
				9E8A5CEAD799F0E08755AA41 /* Pods-dolce-gustaUITests.debug.xcconfig */,
				A59BF8E64166297777AB44E7 /* Pods-dolce-gustaUITests.release.xcconfig */,
			);
			name = Pods;
			sourceTree = "<group>";
		};
		3914D4E720497F1000B8FD2F = {
			isa = PBXGroup;
			children = (
				3914D4F220497F1000B8FD2F /* dolce-gusta */,
				3914D50B20497F1000B8FD2F /* dolce-gustaTests */,
				3914D51620497F1000B8FD2F /* dolce-gustaUITests */,
				3914D4F120497F1000B8FD2F /* Products */,
				16DDF47F4BCA390DBF9F1360 /* Pods */,
				B250268873966982196ECFC6 /* Frameworks */,
			);
			sourceTree = "<group>";
		};
		3914D4F120497F1000B8FD2F /* Products */ = {
			isa = PBXGroup;
			children = (
				3914D4F020497F1000B8FD2F /* dolce-gusta.app */,
				3914D50820497F1000B8FD2F /* dolce-gustaTests.xctest */,
				3914D51320497F1000B8FD2F /* dolce-gustaUITests.xctest */,
			);
			name = Products;
			sourceTree = "<group>";
		};
		3914D4F220497F1000B8FD2F /* dolce-gusta */ = {
			isa = PBXGroup;
			children = (
				39891E0D2049F68600A9649E /* Categories */,
				3914D52B204986E900B8FD2F /* Core */,
				3914D52A204986DE00B8FD2F /* Screens */,
				3914D529204986D800B8FD2F /* Models */,
				3914D5282049869F00B8FD2F /* Storyboard */,
				3914D5272049869300B8FD2F /* Resources */,
				3914D5252049832400B8FD2F /* AppDelegate */,
			);
			path = "dolce-gusta";
			sourceTree = "<group>";
		};
		3914D50B20497F1000B8FD2F /* dolce-gustaTests */ = {
			isa = PBXGroup;
			children = (
				3914D50C20497F1000B8FD2F /* dolce_gustaTests.m */,
				3914D50E20497F1000B8FD2F /* Info.plist */,
			);
			path = "dolce-gustaTests";
			sourceTree = "<group>";
		};
		3914D51620497F1000B8FD2F /* dolce-gustaUITests */ = {
			isa = PBXGroup;
			children = (
				3914D51720497F1000B8FD2F /* dolce_gustaUITests.m */,
				3914D51920497F1000B8FD2F /* Info.plist */,
			);
			path = "dolce-gustaUITests";
			sourceTree = "<group>";
		};
		3914D5252049832400B8FD2F /* AppDelegate */ = {
			isa = PBXGroup;
			children = (
				3914D50120497F1000B8FD2F /* Info.plist */,
				3914D5262049867900B8FD2F /* SupportingFiles */,
				3914D4F320497F1000B8FD2F /* AppDelegate.h */,
				3914D4F420497F1000B8FD2F /* AppDelegate.m */,
			);
			path = AppDelegate;
			sourceTree = "<group>";
		};
		3914D5262049867900B8FD2F /* SupportingFiles */ = {
			isa = PBXGroup;
			children = (
				3914D50220497F1000B8FD2F /* main.m */,
			);
			path = SupportingFiles;
			sourceTree = "<group>";
		};
		3914D5272049869300B8FD2F /* Resources */ = {
			isa = PBXGroup;
			children = (
				3914D4FC20497F1000B8FD2F /* Assets.xcassets */,
			);
			path = Resources;
			sourceTree = "<group>";
		};
		3914D5282049869F00B8FD2F /* Storyboard */ = {
			isa = PBXGroup;
			children = (
				3914D4F920497F1000B8FD2F /* Main.storyboard */,
				3914D4FE20497F1000B8FD2F /* LaunchScreen.storyboard */,
			);
			path = Storyboard;
			sourceTree = "<group>";
		};
		3914D529204986D800B8FD2F /* Models */ = {
			isa = PBXGroup;
			children = (
				3914D5982049E55D00B8FD2F /* CoreData */,
				3914D5972049E54F00B8FD2F /* Coffee */,
				3914D5962049E54600B8FD2F /* Base */,
			);
			path = Models;
			sourceTree = "<group>";
		};
		3914D52A204986DE00B8FD2F /* Screens */ = {
			isa = PBXGroup;
			children = (
				39891E22204A19E100A9649E /* NewCapsule */,
				39891DF82049ECBB00A9649E /* Detail */,
				39891DF32049EC9300A9649E /* Capsules */,
				3914D5A02049E7E600B8FD2F /* Base */,
				3914D59B2049E7C000B8FD2F /* NewCoffee */,
				3914D5992049E6D200B8FD2F /* Main */,
			);
			path = Screens;
			sourceTree = "<group>";
		};
		3914D52B204986E900B8FD2F /* Core */ = {
			isa = PBXGroup;
			children = (
				39891E28204A2FAA00A9649E /* Global */,
				3914D5792049BAFB00B8FD2F /* Network */,
				3914D5312049B2F900B8FD2F /* Persistence */,
			);
			path = Core;
			sourceTree = "<group>";
		};
		3914D5312049B2F900B8FD2F /* Persistence */ = {
			isa = PBXGroup;
			children = (
				3914D5322049B32700B8FD2F /* CoreDataManager.h */,
				3914D5342049B32700B8FD2F /* CoreDataManager.m */,
				3914D5332049B32700B8FD2F /* CoreDataOperations.h */,
				3914D5352049B32700B8FD2F /* CoreDataOperations.m */,
			);
			path = Persistence;
			sourceTree = "<group>";
		};
		3914D5792049BAFB00B8FD2F /* Network */ = {
			isa = PBXGroup;
			children = (
				3914D57A2049BB0B00B8FD2F /* NetworkManager.h */,
				3914D57B2049BB0B00B8FD2F /* NetworkManager.m */,
				3914D5902049DA5400B8FD2F /* NetworkManager+Coffee.h */,
				3914D5912049DA9D00B8FD2F /* NetworkManager+Coffee.m */,
			);
			path = Network;
			sourceTree = "<group>";
		};
		3914D5962049E54600B8FD2F /* Base */ = {
			isa = PBXGroup;
			children = (
				3914D5932049E19C00B8FD2F /* BaseMantle.h */,
				3914D5942049E19C00B8FD2F /* BaseMantle.m */,
			);
			path = Base;
			sourceTree = "<group>";
		};
		3914D5972049E54F00B8FD2F /* Coffee */ = {
			isa = PBXGroup;
			children = (
				3914D5872049CB6800B8FD2F /* Capsule.h */,
				3914D5882049CB6900B8FD2F /* Capsule.m */,
				3914D5892049CB6900B8FD2F /* Coffee.h */,
				3914D58A2049CB6900B8FD2F /* Coffee.m */,
				3914D58D2049D86200B8FD2F /* CoffeeList.h */,
				3914D58E2049D86200B8FD2F /* CoffeeList.m */,
			);
			path = Coffee;
			sourceTree = "<group>";
		};
		3914D5982049E55D00B8FD2F /* CoreData */ = {
			isa = PBXGroup;
			children = (
				3914D52C2049A48000B8FD2F /* Model.xcdatamodeld */,
			);
			path = CoreData;
			sourceTree = "<group>";
		};
		3914D5992049E6D200B8FD2F /* Main */ = {
			isa = PBXGroup;
			children = (
				39891E022049F0E000A9649E /* View */,
				39891DFE2049EDFA00A9649E /* Provider */,
				3914D59A2049E6DB00B8FD2F /* ViewController */,
			);
			path = Main;
			sourceTree = "<group>";
		};
		3914D59A2049E6DB00B8FD2F /* ViewController */ = {
			isa = PBXGroup;
			children = (
				3914D4F620497F1000B8FD2F /* ViewController.h */,
				3914D4F720497F1000B8FD2F /* ViewController.m */,
			);
			path = ViewController;
			sourceTree = "<group>";
		};
		3914D59B2049E7C000B8FD2F /* NewCoffee */ = {
			isa = PBXGroup;
			children = (
				3978EB7F204C937E000D49D8 /* View */,
				3914D59C2049E7C700B8FD2F /* ViewController */,
			);
			path = NewCoffee;
			sourceTree = "<group>";
		};
		3914D59C2049E7C700B8FD2F /* ViewController */ = {
			isa = PBXGroup;
			children = (
				3914D59D2049E7D600B8FD2F /* NewCoffeeViewController.h */,
				3914D59E2049E7D600B8FD2F /* NewCoffeeViewController.m */,
			);
			path = ViewController;
			sourceTree = "<group>";
		};
		3914D5A02049E7E600B8FD2F /* Base */ = {
			isa = PBXGroup;
			children = (
				39891E1E204A0AF800A9649E /* Provider */,
				39891E082049F45400A9649E /* Views */,
				3914D5A42049E7F600B8FD2F /* ViewController */,
			);
			path = Base;
			sourceTree = "<group>";
		};
		3914D5A42049E7F600B8FD2F /* ViewController */ = {
			isa = PBXGroup;
			children = (
				3914D5A12049E7F200B8FD2F /* BaseViewController.h */,
				3914D5A22049E7F200B8FD2F /* BaseViewController.m */,
				393F683D204C4CC800E1EEEF /* BaseNavigationViewController.h */,
				393F683E204C4CC800E1EEEF /* BaseNavigationViewController.m */,
			);
			path = ViewController;
			sourceTree = "<group>";
		};
		393F681B204C352F00E1EEEF /* Provider */ = {
			isa = PBXGroup;
			children = (
				393F6837204C3E7900E1EEEF /* DetailCollectionProvider.h */,
				393F6838204C3E7900E1EEEF /* DetailCollectionProvider.m */,
			);
			path = Provider;
			sourceTree = "<group>";
		};
		393F681C204C375E00E1EEEF /* View */ = {
			isa = PBXGroup;
			children = (
				393F6848204C57DB00E1EEEF /* TitleLabel.h */,
				393F6849204C57DB00E1EEEF /* TitleLabel.m */,
				393F681D204C37E500E1EEEF /* DetailCell.h */,
				393F681E204C37E500E1EEEF /* DetailCell.m */,
				393F681F204C37E500E1EEEF /* DetailCell.xib */,
				393F6834204C3CF900E1EEEF /* BaseCounterView.h */,
				393F6835204C3CF900E1EEEF /* BaseCounterView.m */,
				393F684E204C587E00E1EEEF /* SubtitleLabel.h */,
				393F684F204C587E00E1EEEF /* SubtitleLabel.m */,
				393F6851204C67F000E1EEEF /* ChronometerButton.h */,
				393F6852204C67F000E1EEEF /* ChronometerButton.m */,
				393F6854204C71A800E1EEEF /* ChronometerLabel.h */,
				393F6855204C71A800E1EEEF /* ChronometerLabel.m */,
				393F685A204C7C6C00E1EEEF /* BlueButton.h */,
				393F685B204C7C6C00E1EEEF /* BlueButton.m */,
			);
			path = View;
			sourceTree = "<group>";
		};
		3978EB7F204C937E000D49D8 /* View */ = {
			isa = PBXGroup;
			children = (
				3978EB80204C938F000D49D8 /* NewCoffeeFormView.h */,
				3978EB85204C93CF000D49D8 /* TextFieldView.h */,
				3978EB86204C93CF000D49D8 /* TextFieldView.m */,
				3978EB88204C93DC000D49D8 /* TextFieldView.xib */,
				3978EB8A204C942B000D49D8 /* FormLabel.h */,
				3978EB8B204C942B000D49D8 /* FormLabel.m */,
			);
			path = View;
			sourceTree = "<group>";
		};
		39891DF32049EC9300A9649E /* Capsules */ = {
			isa = PBXGroup;
			children = (
				39891E172049FD8300A9649E /* Provider */,
				39891E112049FD5D00A9649E /* View */,
				39891DF42049EC9F00A9649E /* ViewController */,
			);
			path = Capsules;
			sourceTree = "<group>";
		};
		39891DF42049EC9F00A9649E /* ViewController */ = {
			isa = PBXGroup;
			children = (
				39891DF52049ECB300A9649E /* CapsuleViewController.h */,
				39891DF62049ECB300A9649E /* CapsuleViewController.m */,
			);
			path = ViewController;
			sourceTree = "<group>";
		};
		39891DF82049ECBB00A9649E /* Detail */ = {
			isa = PBXGroup;
			children = (
				393F681C204C375E00E1EEEF /* View */,
				393F681B204C352F00E1EEEF /* Provider */,
				39891DF92049ECC000A9649E /* ViewController */,
			);
			path = Detail;
			sourceTree = "<group>";
		};
		39891DF92049ECC000A9649E /* ViewController */ = {
			isa = PBXGroup;
			children = (
				39891DFA2049ECCC00A9649E /* DetailViewController.h */,
				39891DFB2049ECCC00A9649E /* DetailViewController.m */,
			);
			path = ViewController;
			sourceTree = "<group>";
		};
		39891DFE2049EDFA00A9649E /* Provider */ = {
			isa = PBXGroup;
			children = (
				39891DFF2049EE1A00A9649E /* MainCollectionProvider.h */,
				39891E002049EE1A00A9649E /* MainCollectionProvider.m */,
			);
			path = Provider;
			sourceTree = "<group>";
		};
		39891E022049F0E000A9649E /* View */ = {
			isa = PBXGroup;
			children = (
				39891E032049F10900A9649E /* CoffeeCell.h */,
				39891E042049F10900A9649E /* CoffeeCell.m */,
				39891E052049F10900A9649E /* CoffeeCell.xib */,
			);
			path = View;
			sourceTree = "<group>";
		};
		39891E082049F45400A9649E /* Views */ = {
			isa = PBXGroup;
			children = (
				393F684B204C583200E1EEEF /* BaseLabel.h */,
				393F684C204C583200E1EEEF /* BaseLabel.m */,
				39891E0A2049F54000A9649E /* BaseCollectionView.h */,
				39891E0B2049F54000A9649E /* BaseCollectionView.m */,
				393F6845204C52DE00E1EEEF /* BaseImageView.h */,
				393F6846204C52DE00E1EEEF /* BaseImageView.m */,
			);
			path = Views;
			sourceTree = "<group>";
		};
		39891E0D2049F68600A9649E /* Categories */ = {
			isa = PBXGroup;
			children = (
				39891E0E2049F6BA00A9649E /* UICollectionView+Category.h */,
				39891E0F2049F6BA00A9649E /* UICollectionView+Category.m */,
				39891E1B2049FEDD00A9649E /* UIViewController+Category.h */,
				39891E1C2049FEDD00A9649E /* UIViewController+Category.m */,
				393F683A204C415E00E1EEEF /* BKBaseCollectionViewCell+Category.h */,
				393F683B204C415E00E1EEEF /* BKBaseCollectionViewCell+Category.m */,
				3978EB8D204C97E4000D49D8 /* UIView+Category.h */,
				3978EB8E204C97E4000D49D8 /* UIView+Category.m */,
			);
			path = Categories;
			sourceTree = "<group>";
		};
		39891E112049FD5D00A9649E /* View */ = {
			isa = PBXGroup;
			children = (
				39891E122049FD7F00A9649E /* CapsuleCell.h */,
				39891E132049FD7F00A9649E /* CapsuleCell.m */,
				39891E142049FD7F00A9649E /* CapsuleCell.xib */,
				393F6857204C7C5200E1EEEF /* CapsuleButton.h */,
				393F6858204C7C5200E1EEEF /* CapsuleButton.m */,
			);
			path = View;
			sourceTree = "<group>";
		};
		39891E172049FD8300A9649E /* Provider */ = {
			isa = PBXGroup;
			children = (
				39891E182049FDA900A9649E /* CapsuleCollectionProvider.h */,
				39891E192049FDA900A9649E /* CapsuleCollectionProvider.m */,
			);
			path = Provider;
			sourceTree = "<group>";
		};
		39891E1E204A0AF800A9649E /* Provider */ = {
			isa = PBXGroup;
			children = (
				39891E1F204A0B0F00A9649E /* BaseCollectionProvider.h */,
				39891E20204A0B0F00A9649E /* BaseCollectionProvider.m */,
			);
			path = Provider;
			sourceTree = "<group>";
		};
		39891E22204A19E100A9649E /* NewCapsule */ = {
			isa = PBXGroup;
			children = (
				39891E23204A19E900A9649E /* ViewController */,
			);
			path = NewCapsule;
			sourceTree = "<group>";
		};
		39891E23204A19E900A9649E /* ViewController */ = {
			isa = PBXGroup;
			children = (
				39891E24204A19F800A9649E /* NewCapsuleViewController.h */,
				39891E25204A19F800A9649E /* NewCapsuleViewController.m */,
			);
			path = ViewController;
			sourceTree = "<group>";
		};
		39891E28204A2FAA00A9649E /* Global */ = {
			isa = PBXGroup;
			children = (
				39891E27204A24CE00A9649E /* GlobalTypeDef.h */,
			);
			path = Global;
			sourceTree = "<group>";
		};
		B250268873966982196ECFC6 /* Frameworks */ = {
			isa = PBXGroup;
			children = (
				342087DFEA3333F4E588A1E3 /* libPods-dolce-gusta.a */,
				FF4D96FF1353306279F8F7F9 /* libPods-dolce-gustaTests.a */,
				242CF8593D47145F7723959D /* libPods-dolce-gustaUITests.a */,
			);
			name = Frameworks;
			sourceTree = "<group>";
		};
/* End PBXGroup section */

/* Begin PBXNativeTarget section */
		3914D4EF20497F1000B8FD2F /* dolce-gusta */ = {
			isa = PBXNativeTarget;
			buildConfigurationList = 3914D51C20497F1000B8FD2F /* Build configuration list for PBXNativeTarget "dolce-gusta" */;
			buildPhases = (
				2940CE1C4F98FF156AAF7FD9 /* [CP] Check Pods Manifest.lock */,
				3914D4EC20497F1000B8FD2F /* Sources */,
				3914D4ED20497F1000B8FD2F /* Frameworks */,
				3914D4EE20497F1000B8FD2F /* Resources */,
				3737944ADFE93F724CE782B4 /* [CP] Embed Pods Frameworks */,
				161C1FCD48F24F656810A251 /* [CP] Copy Pods Resources */,
			);
			buildRules = (
			);
			dependencies = (
			);
			name = "dolce-gusta";
			productName = "dolce-gusta";
			productReference = 3914D4F020497F1000B8FD2F /* dolce-gusta.app */;
			productType = "com.apple.product-type.application";
		};
		3914D50720497F1000B8FD2F /* dolce-gustaTests */ = {
			isa = PBXNativeTarget;
			buildConfigurationList = 3914D51F20497F1000B8FD2F /* Build configuration list for PBXNativeTarget "dolce-gustaTests" */;
			buildPhases = (
				BAA79FC30BDBFA39A6257C2C /* [CP] Check Pods Manifest.lock */,
				3914D50420497F1000B8FD2F /* Sources */,
				3914D50520497F1000B8FD2F /* Frameworks */,
				3914D50620497F1000B8FD2F /* Resources */,
				AE3F70CA390135C167C29770 /* [CP] Embed Pods Frameworks */,
				0BC857E24BA6D4887466A234 /* [CP] Copy Pods Resources */,
			);
			buildRules = (
			);
			dependencies = (
				3914D50A20497F1000B8FD2F /* PBXTargetDependency */,
			);
			name = "dolce-gustaTests";
			productName = "dolce-gustaTests";
			productReference = 3914D50820497F1000B8FD2F /* dolce-gustaTests.xctest */;
			productType = "com.apple.product-type.bundle.unit-test";
		};
		3914D51220497F1000B8FD2F /* dolce-gustaUITests */ = {
			isa = PBXNativeTarget;
			buildConfigurationList = 3914D52220497F1000B8FD2F /* Build configuration list for PBXNativeTarget "dolce-gustaUITests" */;
			buildPhases = (
				1405E2759CA678454C044CAF /* [CP] Check Pods Manifest.lock */,
				3914D50F20497F1000B8FD2F /* Sources */,
				3914D51020497F1000B8FD2F /* Frameworks */,
				3914D51120497F1000B8FD2F /* Resources */,
				AD24C8A94B75DE7AA4852D90 /* [CP] Embed Pods Frameworks */,
				568C58E9470045E522186F80 /* [CP] Copy Pods Resources */,
			);
			buildRules = (
			);
			dependencies = (
				3914D51520497F1000B8FD2F /* PBXTargetDependency */,
			);
			name = "dolce-gustaUITests";
			productName = "dolce-gustaUITests";
			productReference = 3914D51320497F1000B8FD2F /* dolce-gustaUITests.xctest */;
			productType = "com.apple.product-type.bundle.ui-testing";
		};
/* End PBXNativeTarget section */

/* Begin PBXProject section */
		3914D4E820497F1000B8FD2F /* Project object */ = {
			isa = PBXProject;
			attributes = {
				LastUpgradeCheck = 0920;
				ORGANIZATIONNAME = "Jean Vinge";
				TargetAttributes = {
					3914D4EF20497F1000B8FD2F = {
						CreatedOnToolsVersion = 9.2;
						ProvisioningStyle = Automatic;
					};
					3914D50720497F1000B8FD2F = {
						CreatedOnToolsVersion = 9.2;
						ProvisioningStyle = Automatic;
						TestTargetID = 3914D4EF20497F1000B8FD2F;
					};
					3914D51220497F1000B8FD2F = {
						CreatedOnToolsVersion = 9.2;
						ProvisioningStyle = Automatic;
						TestTargetID = 3914D4EF20497F1000B8FD2F;
					};
				};
			};
			buildConfigurationList = 3914D4EB20497F1000B8FD2F /* Build configuration list for PBXProject "dolce-gusta" */;
			compatibilityVersion = "Xcode 8.0";
			developmentRegion = en;
			hasScannedForEncodings = 0;
			knownRegions = (
				en,
				Base,
			);
			mainGroup = 3914D4E720497F1000B8FD2F;
			productRefGroup = 3914D4F120497F1000B8FD2F /* Products */;
			projectDirPath = "";
			projectRoot = "";
			targets = (
				3914D4EF20497F1000B8FD2F /* dolce-gusta */,
				3914D50720497F1000B8FD2F /* dolce-gustaTests */,
				3914D51220497F1000B8FD2F /* dolce-gustaUITests */,
			);
		};
/* End PBXProject section */

/* Begin PBXResourcesBuildPhase section */
		3914D4EE20497F1000B8FD2F /* Resources */ = {
			isa = PBXResourcesBuildPhase;
			buildActionMask = 2147483647;
			files = (
				3914D50020497F1000B8FD2F /* LaunchScreen.storyboard in Resources */,
				3914D4FD20497F1000B8FD2F /* Assets.xcassets in Resources */,
				393F6821204C37E500E1EEEF /* DetailCell.xib in Resources */,
				3914D4FB20497F1000B8FD2F /* Main.storyboard in Resources */,
				39891E072049F10900A9649E /* CoffeeCell.xib in Resources */,
				3978EB89204C93DC000D49D8 /* TextFieldView.xib in Resources */,
				39891E162049FD7F00A9649E /* CapsuleCell.xib in Resources */,
			);
			runOnlyForDeploymentPostprocessing = 0;
		};
		3914D50620497F1000B8FD2F /* Resources */ = {
			isa = PBXResourcesBuildPhase;
			buildActionMask = 2147483647;
			files = (
			);
			runOnlyForDeploymentPostprocessing = 0;
		};
		3914D51120497F1000B8FD2F /* Resources */ = {
			isa = PBXResourcesBuildPhase;
			buildActionMask = 2147483647;
			files = (
			);
			runOnlyForDeploymentPostprocessing = 0;
		};
/* End PBXResourcesBuildPhase section */

/* Begin PBXShellScriptBuildPhase section */
		0BC857E24BA6D4887466A234 /* [CP] Copy Pods Resources */ = {
			isa = PBXShellScriptBuildPhase;
			buildActionMask = 2147483647;
			files = (
			);
			inputPaths = (
			);
			name = "[CP] Copy Pods Resources";
			outputPaths = (
			);
			runOnlyForDeploymentPostprocessing = 0;
			shellPath = /bin/sh;
			shellScript = "\"${SRCROOT}/Pods/Target Support Files/Pods-dolce-gustaTests/Pods-dolce-gustaTests-resources.sh\"\n";
			showEnvVarsInLog = 0;
		};
		1405E2759CA678454C044CAF /* [CP] Check Pods Manifest.lock */ = {
			isa = PBXShellScriptBuildPhase;
			buildActionMask = 2147483647;
			files = (
			);
			inputPaths = (
				"${PODS_PODFILE_DIR_PATH}/Podfile.lock",
				"${PODS_ROOT}/Manifest.lock",
			);
			name = "[CP] Check Pods Manifest.lock";
			outputPaths = (
				"$(DERIVED_FILE_DIR)/Pods-dolce-gustaUITests-checkManifestLockResult.txt",
			);
			runOnlyForDeploymentPostprocessing = 0;
			shellPath = /bin/sh;
			shellScript = "diff \"${PODS_PODFILE_DIR_PATH}/Podfile.lock\" \"${PODS_ROOT}/Manifest.lock\" > /dev/null\nif [ $? != 0 ] ; then\n    # print error to STDERR\n    echo \"error: The sandbox is not in sync with the Podfile.lock. Run 'pod install' or update your CocoaPods installation.\" >&2\n    exit 1\nfi\n# This output is used by Xcode 'outputs' to avoid re-running this script phase.\necho \"SUCCESS\" > \"${SCRIPT_OUTPUT_FILE_0}\"\n";
			showEnvVarsInLog = 0;
		};
		161C1FCD48F24F656810A251 /* [CP] Copy Pods Resources */ = {
			isa = PBXShellScriptBuildPhase;
			buildActionMask = 2147483647;
			files = (
			);
			inputPaths = (
				"${SRCROOT}/Pods/Target Support Files/Pods-dolce-gusta/Pods-dolce-gusta-resources.sh",
				"${PODS_CONFIGURATION_BUILD_DIR}/Bricks/Bricks.bundle",
				"${PODS_ROOT}/IQKeyboardManager/IQKeyboardManager/Resources/IQKeyboardManager.bundle",
			);
			name = "[CP] Copy Pods Resources";
			outputPaths = (
				"${TARGET_BUILD_DIR}/${UNLOCALIZED_RESOURCES_FOLDER_PATH}/Bricks.bundle",
				"${TARGET_BUILD_DIR}/${UNLOCALIZED_RESOURCES_FOLDER_PATH}/IQKeyboardManager.bundle",
			);
			runOnlyForDeploymentPostprocessing = 0;
			shellPath = /bin/sh;
			shellScript = "\"${SRCROOT}/Pods/Target Support Files/Pods-dolce-gusta/Pods-dolce-gusta-resources.sh\"\n";
			showEnvVarsInLog = 0;
		};
		2940CE1C4F98FF156AAF7FD9 /* [CP] Check Pods Manifest.lock */ = {
			isa = PBXShellScriptBuildPhase;
			buildActionMask = 2147483647;
			files = (
			);
			inputPaths = (
				"${PODS_PODFILE_DIR_PATH}/Podfile.lock",
				"${PODS_ROOT}/Manifest.lock",
			);
			name = "[CP] Check Pods Manifest.lock";
			outputPaths = (
				"$(DERIVED_FILE_DIR)/Pods-dolce-gusta-checkManifestLockResult.txt",
			);
			runOnlyForDeploymentPostprocessing = 0;
			shellPath = /bin/sh;
			shellScript = "diff \"${PODS_PODFILE_DIR_PATH}/Podfile.lock\" \"${PODS_ROOT}/Manifest.lock\" > /dev/null\nif [ $? != 0 ] ; then\n    # print error to STDERR\n    echo \"error: The sandbox is not in sync with the Podfile.lock. Run 'pod install' or update your CocoaPods installation.\" >&2\n    exit 1\nfi\n# This output is used by Xcode 'outputs' to avoid re-running this script phase.\necho \"SUCCESS\" > \"${SCRIPT_OUTPUT_FILE_0}\"\n";
			showEnvVarsInLog = 0;
		};
		3737944ADFE93F724CE782B4 /* [CP] Embed Pods Frameworks */ = {
			isa = PBXShellScriptBuildPhase;
			buildActionMask = 2147483647;
			files = (
			);
			inputPaths = (
			);
			name = "[CP] Embed Pods Frameworks";
			outputPaths = (
			);
			runOnlyForDeploymentPostprocessing = 0;
			shellPath = /bin/sh;
			shellScript = "\"${SRCROOT}/Pods/Target Support Files/Pods-dolce-gusta/Pods-dolce-gusta-frameworks.sh\"\n";
			showEnvVarsInLog = 0;
		};
		568C58E9470045E522186F80 /* [CP] Copy Pods Resources */ = {
			isa = PBXShellScriptBuildPhase;
			buildActionMask = 2147483647;
			files = (
			);
			inputPaths = (
			);
			name = "[CP] Copy Pods Resources";
			outputPaths = (
			);
			runOnlyForDeploymentPostprocessing = 0;
			shellPath = /bin/sh;
			shellScript = "\"${SRCROOT}/Pods/Target Support Files/Pods-dolce-gustaUITests/Pods-dolce-gustaUITests-resources.sh\"\n";
			showEnvVarsInLog = 0;
		};
		AD24C8A94B75DE7AA4852D90 /* [CP] Embed Pods Frameworks */ = {
			isa = PBXShellScriptBuildPhase;
			buildActionMask = 2147483647;
			files = (
			);
			inputPaths = (
			);
			name = "[CP] Embed Pods Frameworks";
			outputPaths = (
			);
			runOnlyForDeploymentPostprocessing = 0;
			shellPath = /bin/sh;
			shellScript = "\"${SRCROOT}/Pods/Target Support Files/Pods-dolce-gustaUITests/Pods-dolce-gustaUITests-frameworks.sh\"\n";
			showEnvVarsInLog = 0;
		};
		AE3F70CA390135C167C29770 /* [CP] Embed Pods Frameworks */ = {
			isa = PBXShellScriptBuildPhase;
			buildActionMask = 2147483647;
			files = (
			);
			inputPaths = (
			);
			name = "[CP] Embed Pods Frameworks";
			outputPaths = (
			);
			runOnlyForDeploymentPostprocessing = 0;
			shellPath = /bin/sh;
			shellScript = "\"${SRCROOT}/Pods/Target Support Files/Pods-dolce-gustaTests/Pods-dolce-gustaTests-frameworks.sh\"\n";
			showEnvVarsInLog = 0;
		};
		BAA79FC30BDBFA39A6257C2C /* [CP] Check Pods Manifest.lock */ = {
			isa = PBXShellScriptBuildPhase;
			buildActionMask = 2147483647;
			files = (
			);
			inputPaths = (
				"${PODS_PODFILE_DIR_PATH}/Podfile.lock",
				"${PODS_ROOT}/Manifest.lock",
			);
			name = "[CP] Check Pods Manifest.lock";
			outputPaths = (
				"$(DERIVED_FILE_DIR)/Pods-dolce-gustaTests-checkManifestLockResult.txt",
			);
			runOnlyForDeploymentPostprocessing = 0;
			shellPath = /bin/sh;
			shellScript = "diff \"${PODS_PODFILE_DIR_PATH}/Podfile.lock\" \"${PODS_ROOT}/Manifest.lock\" > /dev/null\nif [ $? != 0 ] ; then\n    # print error to STDERR\n    echo \"error: The sandbox is not in sync with the Podfile.lock. Run 'pod install' or update your CocoaPods installation.\" >&2\n    exit 1\nfi\n# This output is used by Xcode 'outputs' to avoid re-running this script phase.\necho \"SUCCESS\" > \"${SCRIPT_OUTPUT_FILE_0}\"\n";
			showEnvVarsInLog = 0;
		};
/* End PBXShellScriptBuildPhase section */

/* Begin PBXSourcesBuildPhase section */
		3914D4EC20497F1000B8FD2F /* Sources */ = {
			isa = PBXSourcesBuildPhase;
			buildActionMask = 2147483647;
			files = (
				3914D57D2049BB0B00B8FD2F /* NetworkManager.m in Sources */,
				393F6853204C67F000E1EEEF /* ChronometerButton.m in Sources */,
				393F683F204C4CC800E1EEEF /* BaseNavigationViewController.m in Sources */,
				39891E152049FD7F00A9649E /* CapsuleCell.m in Sources */,
				393F6859204C7C5200E1EEEF /* CapsuleButton.m in Sources */,
				393F6847204C52DE00E1EEEF /* BaseImageView.m in Sources */,
				3914D4F820497F1000B8FD2F /* ViewController.m in Sources */,
				393F685C204C7C6C00E1EEEF /* BlueButton.m in Sources */,
				39891E26204A19F800A9649E /* NewCapsuleViewController.m in Sources */,
				3914D50320497F1000B8FD2F /* main.m in Sources */,
				39891E012049EE1A00A9649E /* MainCollectionProvider.m in Sources */,
				39891E21204A0B0F00A9649E /* BaseCollectionProvider.m in Sources */,
				39891DFC2049ECCC00A9649E /* DetailViewController.m in Sources */,
				393F6820204C37E500E1EEEF /* DetailCell.m in Sources */,
				3914D5372049B32700B8FD2F /* CoreDataOperations.m in Sources */,
				3914D4F520497F1000B8FD2F /* AppDelegate.m in Sources */,
				393F683C204C415E00E1EEEF /* BKBaseCollectionViewCell+Category.m in Sources */,
				3914D5A32049E7F200B8FD2F /* BaseViewController.m in Sources */,
				3914D58C2049CB6900B8FD2F /* Coffee.m in Sources */,
				3914D59F2049E7D600B8FD2F /* NewCoffeeViewController.m in Sources */,
				3914D58B2049CB6900B8FD2F /* Capsule.m in Sources */,
				39891E1A2049FDA900A9649E /* CapsuleCollectionProvider.m in Sources */,
				393F684D204C583200E1EEEF /* BaseLabel.m in Sources */,
				393F6836204C3CF900E1EEEF /* BaseCounterView.m in Sources */,
				3914D5362049B32700B8FD2F /* CoreDataManager.m in Sources */,
				39891E102049F6BA00A9649E /* UICollectionView+Category.m in Sources */,
				39891E0C2049F54000A9649E /* BaseCollectionView.m in Sources */,
				3914D52E2049A48000B8FD2F /* Model.xcdatamodeld in Sources */,
				3914D58F2049D86200B8FD2F /* CoffeeList.m in Sources */,
				3978EB8F204C97E4000D49D8 /* UIView+Category.m in Sources */,
				3978EB87204C93CF000D49D8 /* TextFieldView.m in Sources */,
				3914D5922049DA9D00B8FD2F /* NetworkManager+Coffee.m in Sources */,
				393F684A204C57DB00E1EEEF /* TitleLabel.m in Sources */,
				393F6839204C3E7900E1EEEF /* DetailCollectionProvider.m in Sources */,
				39891DF72049ECB300A9649E /* CapsuleViewController.m in Sources */,
				39891E1D2049FEDD00A9649E /* UIViewController+Category.m in Sources */,
				3914D5952049E19C00B8FD2F /* BaseMantle.m in Sources */,
				39891E062049F10900A9649E /* CoffeeCell.m in Sources */,
				393F6850204C587E00E1EEEF /* SubtitleLabel.m in Sources */,
				3978EB8C204C942B000D49D8 /* FormLabel.m in Sources */,
				393F6856204C71A800E1EEEF /* ChronometerLabel.m in Sources */,
			);
			runOnlyForDeploymentPostprocessing = 0;
		};
		3914D50420497F1000B8FD2F /* Sources */ = {
			isa = PBXSourcesBuildPhase;
			buildActionMask = 2147483647;
			files = (
				3914D50D20497F1000B8FD2F /* dolce_gustaTests.m in Sources */,
			);
			runOnlyForDeploymentPostprocessing = 0;
		};
		3914D50F20497F1000B8FD2F /* Sources */ = {
			isa = PBXSourcesBuildPhase;
			buildActionMask = 2147483647;
			files = (
				3914D51820497F1000B8FD2F /* dolce_gustaUITests.m in Sources */,
			);
			runOnlyForDeploymentPostprocessing = 0;
		};
/* End PBXSourcesBuildPhase section */

/* Begin PBXTargetDependency section */
		3914D50A20497F1000B8FD2F /* PBXTargetDependency */ = {
			isa = PBXTargetDependency;
			target = 3914D4EF20497F1000B8FD2F /* dolce-gusta */;
			targetProxy = 3914D50920497F1000B8FD2F /* PBXContainerItemProxy */;
		};
		3914D51520497F1000B8FD2F /* PBXTargetDependency */ = {
			isa = PBXTargetDependency;
			target = 3914D4EF20497F1000B8FD2F /* dolce-gusta */;
			targetProxy = 3914D51420497F1000B8FD2F /* PBXContainerItemProxy */;
		};
/* End PBXTargetDependency section */

/* Begin PBXVariantGroup section */
		3914D4F920497F1000B8FD2F /* Main.storyboard */ = {
			isa = PBXVariantGroup;
			children = (
				3914D4FA20497F1000B8FD2F /* Base */,
			);
			name = Main.storyboard;
			sourceTree = "<group>";
		};
		3914D4FE20497F1000B8FD2F /* LaunchScreen.storyboard */ = {
			isa = PBXVariantGroup;
			children = (
				3914D4FF20497F1000B8FD2F /* Base */,
			);
			name = LaunchScreen.storyboard;
			sourceTree = "<group>";
		};
/* End PBXVariantGroup section */

/* Begin XCBuildConfiguration section */
		3914D51A20497F1000B8FD2F /* Debug */ = {
			isa = XCBuildConfiguration;
			buildSettings = {
				ALWAYS_SEARCH_USER_PATHS = NO;
				CLANG_ANALYZER_NONNULL = YES;
				CLANG_ANALYZER_NUMBER_OBJECT_CONVERSION = YES_AGGRESSIVE;
				CLANG_CXX_LANGUAGE_STANDARD = "gnu++14";
				CLANG_CXX_LIBRARY = "libc++";
				CLANG_ENABLE_MODULES = YES;
				CLANG_ENABLE_OBJC_ARC = YES;
				CLANG_WARN_BLOCK_CAPTURE_AUTORELEASING = YES;
				CLANG_WARN_BOOL_CONVERSION = YES;
				CLANG_WARN_COMMA = YES;
				CLANG_WARN_CONSTANT_CONVERSION = YES;
				CLANG_WARN_DIRECT_OBJC_ISA_USAGE = YES_ERROR;
				CLANG_WARN_DOCUMENTATION_COMMENTS = YES;
				CLANG_WARN_EMPTY_BODY = YES;
				CLANG_WARN_ENUM_CONVERSION = YES;
				CLANG_WARN_INFINITE_RECURSION = YES;
				CLANG_WARN_INT_CONVERSION = YES;
				CLANG_WARN_NON_LITERAL_NULL_CONVERSION = YES;
				CLANG_WARN_OBJC_LITERAL_CONVERSION = YES;
				CLANG_WARN_OBJC_ROOT_CLASS = YES_ERROR;
				CLANG_WARN_RANGE_LOOP_ANALYSIS = YES;
				CLANG_WARN_STRICT_PROTOTYPES = YES;
				CLANG_WARN_SUSPICIOUS_MOVE = YES;
				CLANG_WARN_UNGUARDED_AVAILABILITY = YES_AGGRESSIVE;
				CLANG_WARN_UNREACHABLE_CODE = YES;
				CLANG_WARN__DUPLICATE_METHOD_MATCH = YES;
				CODE_SIGN_IDENTITY = "iPhone Developer";
				COPY_PHASE_STRIP = NO;
				DEBUG_INFORMATION_FORMAT = dwarf;
				ENABLE_STRICT_OBJC_MSGSEND = YES;
				ENABLE_TESTABILITY = YES;
				GCC_C_LANGUAGE_STANDARD = gnu11;
				GCC_DYNAMIC_NO_PIC = NO;
				GCC_NO_COMMON_BLOCKS = YES;
				GCC_OPTIMIZATION_LEVEL = 0;
				GCC_PREPROCESSOR_DEFINITIONS = (
					"DEBUG=1",
					"$(inherited)",
				);
				GCC_WARN_64_TO_32_BIT_CONVERSION = YES;
				GCC_WARN_ABOUT_RETURN_TYPE = YES_ERROR;
				GCC_WARN_UNDECLARED_SELECTOR = YES;
				GCC_WARN_UNINITIALIZED_AUTOS = YES_AGGRESSIVE;
				GCC_WARN_UNUSED_FUNCTION = YES;
				GCC_WARN_UNUSED_VARIABLE = YES;
				IPHONEOS_DEPLOYMENT_TARGET = 9.0;
				MTL_ENABLE_DEBUG_INFO = YES;
				ONLY_ACTIVE_ARCH = YES;
				SDKROOT = iphoneos;
			};
			name = Debug;
		};
		3914D51B20497F1000B8FD2F /* Release */ = {
			isa = XCBuildConfiguration;
			buildSettings = {
				ALWAYS_SEARCH_USER_PATHS = NO;
				CLANG_ANALYZER_NONNULL = YES;
				CLANG_ANALYZER_NUMBER_OBJECT_CONVERSION = YES_AGGRESSIVE;
				CLANG_CXX_LANGUAGE_STANDARD = "gnu++14";
				CLANG_CXX_LIBRARY = "libc++";
				CLANG_ENABLE_MODULES = YES;
				CLANG_ENABLE_OBJC_ARC = YES;
				CLANG_WARN_BLOCK_CAPTURE_AUTORELEASING = YES;
				CLANG_WARN_BOOL_CONVERSION = YES;
				CLANG_WARN_COMMA = YES;
				CLANG_WARN_CONSTANT_CONVERSION = YES;
				CLANG_WARN_DIRECT_OBJC_ISA_USAGE = YES_ERROR;
				CLANG_WARN_DOCUMENTATION_COMMENTS = YES;
				CLANG_WARN_EMPTY_BODY = YES;
				CLANG_WARN_ENUM_CONVERSION = YES;
				CLANG_WARN_INFINITE_RECURSION = YES;
				CLANG_WARN_INT_CONVERSION = YES;
				CLANG_WARN_NON_LITERAL_NULL_CONVERSION = YES;
				CLANG_WARN_OBJC_LITERAL_CONVERSION = YES;
				CLANG_WARN_OBJC_ROOT_CLASS = YES_ERROR;
				CLANG_WARN_RANGE_LOOP_ANALYSIS = YES;
				CLANG_WARN_STRICT_PROTOTYPES = YES;
				CLANG_WARN_SUSPICIOUS_MOVE = YES;
				CLANG_WARN_UNGUARDED_AVAILABILITY = YES_AGGRESSIVE;
				CLANG_WARN_UNREACHABLE_CODE = YES;
				CLANG_WARN__DUPLICATE_METHOD_MATCH = YES;
				CODE_SIGN_IDENTITY = "iPhone Developer";
				COPY_PHASE_STRIP = NO;
				DEBUG_INFORMATION_FORMAT = "dwarf-with-dsym";
				ENABLE_NS_ASSERTIONS = NO;
				ENABLE_STRICT_OBJC_MSGSEND = YES;
				GCC_C_LANGUAGE_STANDARD = gnu11;
				GCC_NO_COMMON_BLOCKS = YES;
				GCC_WARN_64_TO_32_BIT_CONVERSION = YES;
				GCC_WARN_ABOUT_RETURN_TYPE = YES_ERROR;
				GCC_WARN_UNDECLARED_SELECTOR = YES;
				GCC_WARN_UNINITIALIZED_AUTOS = YES_AGGRESSIVE;
				GCC_WARN_UNUSED_FUNCTION = YES;
				GCC_WARN_UNUSED_VARIABLE = YES;
				IPHONEOS_DEPLOYMENT_TARGET = 9.0;
				MTL_ENABLE_DEBUG_INFO = NO;
				SDKROOT = iphoneos;
				VALIDATE_PRODUCT = YES;
			};
			name = Release;
		};
		3914D51D20497F1000B8FD2F /* Debug */ = {
			isa = XCBuildConfiguration;
			baseConfigurationReference = ACF2344D5DC8706344454160 /* Pods-dolce-gusta.debug.xcconfig */;
			buildSettings = {
				ASSETCATALOG_COMPILER_APPICON_NAME = AppIcon;
				CODE_SIGN_STYLE = Automatic;
				DEVELOPMENT_TEAM = T66Z85Q5ZT;
				INFOPLIST_FILE = "$(SRCROOT)/dolce-gusta/AppDelegate/Info.plist";
				LD_RUNPATH_SEARCH_PATHS = "$(inherited) @executable_path/Frameworks";
				PRODUCT_BUNDLE_IDENTIFIER = "br.dolce-gusta";
				PRODUCT_NAME = "$(TARGET_NAME)";
				TARGETED_DEVICE_FAMILY = "1,2";
			};
			name = Debug;
		};
		3914D51E20497F1000B8FD2F /* Release */ = {
			isa = XCBuildConfiguration;
			baseConfigurationReference = F157D7908DC1283246768234 /* Pods-dolce-gusta.release.xcconfig */;
			buildSettings = {
				ASSETCATALOG_COMPILER_APPICON_NAME = AppIcon;
				CODE_SIGN_STYLE = Automatic;
				DEVELOPMENT_TEAM = T66Z85Q5ZT;
				INFOPLIST_FILE = "$(SRCROOT)/dolce-gusta/AppDelegate/Info.plist";
				LD_RUNPATH_SEARCH_PATHS = "$(inherited) @executable_path/Frameworks";
				PRODUCT_BUNDLE_IDENTIFIER = "br.dolce-gusta";
				PRODUCT_NAME = "$(TARGET_NAME)";
				TARGETED_DEVICE_FAMILY = "1,2";
			};
			name = Release;
		};
		3914D52020497F1000B8FD2F /* Debug */ = {
			isa = XCBuildConfiguration;
			baseConfigurationReference = E63BCB67818B1767A9F33B20 /* Pods-dolce-gustaTests.debug.xcconfig */;
			buildSettings = {
				BUNDLE_LOADER = "$(TEST_HOST)";
				CODE_SIGN_STYLE = Automatic;
				DEVELOPMENT_TEAM = SFLM2JCB4V;
				INFOPLIST_FILE = "dolce-gustaTests/Info.plist";
				LD_RUNPATH_SEARCH_PATHS = "$(inherited) @executable_path/Frameworks @loader_path/Frameworks";
				PRODUCT_BUNDLE_IDENTIFIER = "br.dolce-gustaTests";
				PRODUCT_NAME = "$(TARGET_NAME)";
				TARGETED_DEVICE_FAMILY = "1,2";
				TEST_HOST = "$(BUILT_PRODUCTS_DIR)/dolce-gusta.app/dolce-gusta";
			};
			name = Debug;
		};
		3914D52120497F1000B8FD2F /* Release */ = {
			isa = XCBuildConfiguration;
			baseConfigurationReference = 250CBDF3F32FEDC37CC58CD0 /* Pods-dolce-gustaTests.release.xcconfig */;
			buildSettings = {
				BUNDLE_LOADER = "$(TEST_HOST)";
				CODE_SIGN_STYLE = Automatic;
				DEVELOPMENT_TEAM = SFLM2JCB4V;
				INFOPLIST_FILE = "dolce-gustaTests/Info.plist";
				LD_RUNPATH_SEARCH_PATHS = "$(inherited) @executable_path/Frameworks @loader_path/Frameworks";
				PRODUCT_BUNDLE_IDENTIFIER = "br.dolce-gustaTests";
				PRODUCT_NAME = "$(TARGET_NAME)";
				TARGETED_DEVICE_FAMILY = "1,2";
				TEST_HOST = "$(BUILT_PRODUCTS_DIR)/dolce-gusta.app/dolce-gusta";
			};
			name = Release;
		};
		3914D52320497F1000B8FD2F /* Debug */ = {
			isa = XCBuildConfiguration;
			baseConfigurationReference = 9E8A5CEAD799F0E08755AA41 /* Pods-dolce-gustaUITests.debug.xcconfig */;
			buildSettings = {
				CODE_SIGN_STYLE = Automatic;
				DEVELOPMENT_TEAM = SFLM2JCB4V;
				INFOPLIST_FILE = "dolce-gustaUITests/Info.plist";
				LD_RUNPATH_SEARCH_PATHS = "$(inherited) @executable_path/Frameworks @loader_path/Frameworks";
				PRODUCT_BUNDLE_IDENTIFIER = "br.dolce-gustaUITests";
				PRODUCT_NAME = "$(TARGET_NAME)";
				TARGETED_DEVICE_FAMILY = "1,2";
				TEST_TARGET_NAME = "dolce-gusta";
			};
			name = Debug;
		};
		3914D52420497F1000B8FD2F /* Release */ = {
			isa = XCBuildConfiguration;
			baseConfigurationReference = A59BF8E64166297777AB44E7 /* Pods-dolce-gustaUITests.release.xcconfig */;
			buildSettings = {
				CODE_SIGN_STYLE = Automatic;
				DEVELOPMENT_TEAM = SFLM2JCB4V;
				INFOPLIST_FILE = "dolce-gustaUITests/Info.plist";
				LD_RUNPATH_SEARCH_PATHS = "$(inherited) @executable_path/Frameworks @loader_path/Frameworks";
				PRODUCT_BUNDLE_IDENTIFIER = "br.dolce-gustaUITests";
				PRODUCT_NAME = "$(TARGET_NAME)";
				TARGETED_DEVICE_FAMILY = "1,2";
				TEST_TARGET_NAME = "dolce-gusta";
			};
			name = Release;
		};
/* End XCBuildConfiguration section */

/* Begin XCConfigurationList section */
		3914D4EB20497F1000B8FD2F /* Build configuration list for PBXProject "dolce-gusta" */ = {
			isa = XCConfigurationList;
			buildConfigurations = (
				3914D51A20497F1000B8FD2F /* Debug */,
				3914D51B20497F1000B8FD2F /* Release */,
			);
			defaultConfigurationIsVisible = 0;
			defaultConfigurationName = Release;
		};
		3914D51C20497F1000B8FD2F /* Build configuration list for PBXNativeTarget "dolce-gusta" */ = {
			isa = XCConfigurationList;
			buildConfigurations = (
				3914D51D20497F1000B8FD2F /* Debug */,
				3914D51E20497F1000B8FD2F /* Release */,
			);
			defaultConfigurationIsVisible = 0;
			defaultConfigurationName = Release;
		};
		3914D51F20497F1000B8FD2F /* Build configuration list for PBXNativeTarget "dolce-gustaTests" */ = {
			isa = XCConfigurationList;
			buildConfigurations = (
				3914D52020497F1000B8FD2F /* Debug */,
				3914D52120497F1000B8FD2F /* Release */,
			);
			defaultConfigurationIsVisible = 0;
			defaultConfigurationName = Release;
		};
		3914D52220497F1000B8FD2F /* Build configuration list for PBXNativeTarget "dolce-gustaUITests" */ = {
			isa = XCConfigurationList;
			buildConfigurations = (
				3914D52320497F1000B8FD2F /* Debug */,
				3914D52420497F1000B8FD2F /* Release */,
			);
			defaultConfigurationIsVisible = 0;
			defaultConfigurationName = Release;
		};
/* End XCConfigurationList section */

/* Begin XCVersionGroup section */
		3914D52C2049A48000B8FD2F /* Model.xcdatamodeld */ = {
			isa = XCVersionGroup;
			children = (
				3914D52D2049A48000B8FD2F /* Model.xcdatamodel */,
			);
			currentVersion = 3914D52D2049A48000B8FD2F /* Model.xcdatamodel */;
			path = Model.xcdatamodeld;
			sourceTree = "<group>";
			versionGroupType = wrapper.xcdatamodel;
		};
/* End XCVersionGroup section */
	};
	rootObject = 3914D4E820497F1000B8FD2F /* Project object */;
}
